
Microsoft Visual Studio Solution File, Format Version 12.00
# Visual Studio Version 17
VisualStudioVersion = 17.11.35327.3
MinimumVisualStudioVersion = 10.0.40219.1
Project("{FAE04EC0-301F-11D3-BF4B-00C04F79EFBC}") = "Invio.Api", "Invio.Api\Invio.Api.csproj", "{ADE937AF-186D-403A-8521-70AFFE8A1359}"
EndProject
Project("{FAE04EC0-301F-11D3-BF4B-00C04F79EFBC}") = "Invio.Domain", "Invio.Domain\Invio.Domain.csproj", "{EFAAC171-57B0-42AA-9F97-F4312246CA46}"
EndProject
Project("{FAE04EC0-301F-11D3-BF4B-00C04F79EFBC}") = "Invio.Infrastructure", "Invio.Infrastructure\Invio.Infrastructure.csproj", "{BB39FBFE-60C9-4655-897D-DAA57F2D6B53}"
EndProject
Project("{FAE04EC0-301F-11D3-BF4B-00C04F79EFBC}") = "Invio.Application", "Invio.Application\Invio.Application.csproj", "{FF46B3B1-06F3-48CB-8798-EA4ABDEDBF8D}"
EndProject
Global
	GlobalSection(SolutionConfigurationPlatforms) = preSolution
		Debug|Any CPU = Debug|Any CPU
		Release|Any CPU = Release|Any CPU
	EndGlobalSection
	GlobalSection(ProjectConfigurationPlatforms) = postSolution
		{ADE937AF-186D-403A-8521-70AFFE8A1359}.Debug|Any CPU.ActiveCfg = Debug|Any CPU
		{ADE937AF-186D-403A-8521-70AFFE8A1359}.Debug|Any CPU.Build.0 = Debug|Any CPU
		{ADE937AF-186D-403A-8521-70AFFE8A1359}.Release|Any CPU.ActiveCfg = Release|Any CPU
		{ADE937AF-186D-403A-8521-70AFFE8A1359}.Release|Any CPU.Build.0 = Release|Any CPU
		{EFAAC171-57B0-42AA-9F97-F4312246CA46}.Debug|Any CPU.ActiveCfg = Debug|Any CPU
		{EFAAC171-57B0-42AA-9F97-F4312246CA46}.Debug|Any CPU.Build.0 = Debug|Any CPU
		{EFAAC171-57B0-42AA-9F97-F4312246CA46}.Release|Any CPU.ActiveCfg = Release|Any CPU
		{EFAAC171-57B0-42AA-9F97-F4312246CA46}.Release|Any CPU.Build.0 = Release|Any CPU
		{BB39FBFE-60C9-4655-897D-DAA57F2D6B53}.Debug|Any CPU.ActiveCfg = Debug|Any CPU
		{BB39FBFE-60C9-4655-897D-DAA57F2D6B53}.Debug|Any CPU.Build.0 = Debug|Any CPU
		{BB39FBFE-60C9-4655-897D-DAA57F2D6B53}.Release|Any CPU.ActiveCfg = Release|Any CPU
		{BB39FBFE-60C9-4655-897D-DAA57F2D6B53}.Release|Any CPU.Build.0 = Release|Any CPU
		{FF46B3B1-06F3-48CB-8798-EA4ABDEDBF8D}.Debug|Any CPU.ActiveCfg = Debug|Any CPU
		{FF46B3B1-06F3-48CB-8798-EA4ABDEDBF8D}.Debug|Any CPU.Build.0 = Debug|Any CPU
		{FF46B3B1-06F3-48CB-8798-EA4ABDEDBF8D}.Release|Any CPU.ActiveCfg = Release|Any CPU
		{FF46B3B1-06F3-48CB-8798-EA4ABDEDBF8D}.Release|Any CPU.Build.0 = Release|Any CPU
	EndGlobalSection
	GlobalSection(SolutionProperties) = preSolution
		HideSolutionNode = FALSE
	EndGlobalSection
	GlobalSection(ExtensibilityGlobals) = postSolution
		SolutionGuid = {8D2CEAEA-BCF7-4446-8D20-FEE4F1F358B4}
	EndGlobalSection
EndGlobal
